// !$*UTF8*$!
{
	archiveVersion = 1;
	classes = {
	};
	objectVersion = 46;
	objects = {

/* Begin PBXBuildFile section */
		2285956B1E50A6DA00023D3E /* AppDelegate.swift in Sources */ = {isa = PBXBuildFile; fileRef = 2285956A1E50A6DA00023D3E /* AppDelegate.swift */; };
		2285956D1E50A6DA00023D3E /* ViewController.swift in Sources */ = {isa = PBXBuildFile; fileRef = 2285956C1E50A6DA00023D3E /* ViewController.swift */; };
		228595701E50A6DA00023D3E /* Main.storyboard in Resources */ = {isa = PBXBuildFile; fileRef = 2285956E1E50A6DA00023D3E /* Main.storyboard */; };
		228595721E50A6DA00023D3E /* Assets.xcassets in Resources */ = {isa = PBXBuildFile; fileRef = 228595711E50A6DA00023D3E /* Assets.xcassets */; };
		228595751E50A6DA00023D3E /* LaunchScreen.storyboard in Resources */ = {isa = PBXBuildFile; fileRef = 228595731E50A6DA00023D3E /* LaunchScreen.storyboard */; };
		228595821E50A7C400023D3E /* Localizable.strings in Resources */ = {isa = PBXBuildFile; fileRef = 228595841E50A7C400023D3E /* Localizable.strings */; };
		228595891E52006C00023D3E /* InfoPlist.strings in Resources */ = {isa = PBXBuildFile; fileRef = 2285958B1E52006C00023D3E /* InfoPlist.strings */; };
		2285959E1E52126C00023D3E /* apple.png in Resources */ = {isa = PBXBuildFile; fileRef = 2285959C1E52126C00023D3E /* apple.png */; };
/* End PBXBuildFile section */

/* Begin PBXFileReference section */
		228595671E50A6DA00023D3E /* LocalizationDemo.app */ = {isa = PBXFileReference; explicitFileType = wrapper.application; includeInIndex = 0; path = LocalizationDemo.app; sourceTree = BUILT_PRODUCTS_DIR; };
		2285956A1E50A6DA00023D3E /* AppDelegate.swift */ = {isa = PBXFileReference; lastKnownFileType = sourcecode.swift; path = AppDelegate.swift; sourceTree = "<group>"; };
		2285956C1E50A6DA00023D3E /* ViewController.swift */ = {isa = PBXFileReference; lastKnownFileType = sourcecode.swift; path = ViewController.swift; sourceTree = "<group>"; };
		2285956F1E50A6DA00023D3E /* Base */ = {isa = PBXFileReference; lastKnownFileType = file.storyboard; name = Base; path = Base.lproj/Main.storyboard; sourceTree = "<group>"; };
		228595711E50A6DA00023D3E /* Assets.xcassets */ = {isa = PBXFileReference; lastKnownFileType = folder.assetcatalog; path = Assets.xcassets; sourceTree = "<group>"; };
		228595741E50A6DA00023D3E /* Base */ = {isa = PBXFileReference; lastKnownFileType = file.storyboard; name = Base; path = Base.lproj/LaunchScreen.storyboard; sourceTree = "<group>"; };
		228595761E50A6DA00023D3E /* Info.plist */ = {isa = PBXFileReference; lastKnownFileType = text.plist.xml; path = Info.plist; sourceTree = "<group>"; };
		2285957E1E50A79200023D3E /* zh-Hans */ = {isa = PBXFileReference; lastKnownFileType = text.plist.strings; name = "zh-Hans"; path = "zh-Hans.lproj/Main.strings"; sourceTree = "<group>"; };
		2285957F1E50A79200023D3E /* zh-Hans */ = {isa = PBXFileReference; lastKnownFileType = text.plist.strings; name = "zh-Hans"; path = "zh-Hans.lproj/LaunchScreen.strings"; sourceTree = "<group>"; };
		228595801E50A79800023D3E /* zh-Hant */ = {isa = PBXFileReference; lastKnownFileType = text.plist.strings; name = "zh-Hant"; path = "zh-Hant.lproj/Main.strings"; sourceTree = "<group>"; };
		228595811E50A79800023D3E /* zh-Hant */ = {isa = PBXFileReference; lastKnownFileType = text.plist.strings; name = "zh-Hant"; path = "zh-Hant.lproj/LaunchScreen.strings"; sourceTree = "<group>"; };
		228595831E50A7C400023D3E /* en */ = {isa = PBXFileReference; lastKnownFileType = text.plist.strings; name = en; path = en.lproj/Localizable.strings; sourceTree = "<group>"; };
		228595851E50A7C600023D3E /* zh-Hans */ = {isa = PBXFileReference; lastKnownFileType = text.plist.strings; name = "zh-Hans"; path = "zh-Hans.lproj/Localizable.strings"; sourceTree = "<group>"; };
		228595861E50A7C700023D3E /* zh-Hant */ = {isa = PBXFileReference; lastKnownFileType = text.plist.strings; name = "zh-Hant"; path = "zh-Hant.lproj/Localizable.strings"; sourceTree = "<group>"; };
		2285958A1E52006C00023D3E /* en */ = {isa = PBXFileReference; lastKnownFileType = text.plist.strings; name = en; path = en.lproj/InfoPlist.strings; sourceTree = "<group>"; };
		2285958C1E52007000023D3E /* zh-Hans */ = {isa = PBXFileReference; lastKnownFileType = text.plist.strings; name = "zh-Hans"; path = "zh-Hans.lproj/InfoPlist.strings"; sourceTree = "<group>"; };
		2285958D1E52007200023D3E /* zh-Hant */ = {isa = PBXFileReference; lastKnownFileType = text.plist.strings; name = "zh-Hant"; path = "zh-Hant.lproj/InfoPlist.strings"; sourceTree = "<group>"; };
		2285959D1E52126C00023D3E /* zh-Hans */ = {isa = PBXFileReference; lastKnownFileType = image.png; name = "zh-Hans"; path = "zh-Hans.lproj/apple.png"; sourceTree = "<group>"; };
		2285959F1E52129700023D3E /* zh-Hant */ = {isa = PBXFileReference; lastKnownFileType = image.png; name = "zh-Hant"; path = "zh-Hant.lproj/apple.png"; sourceTree = "<group>"; };
		228595A31E52132100023D3E /* en */ = {isa = PBXFileReference; lastKnownFileType = image.png; name = en; path = en.lproj/apple.png; sourceTree = "<group>"; };
/* End PBXFileReference section */

/* Begin PBXFrameworksBuildPhase section */
		228595641E50A6DA00023D3E /* Frameworks */ = {
			isa = PBXFrameworksBuildPhase;
			buildActionMask = 2147483647;
			files = (
			);
			runOnlyForDeploymentPostprocessing = 0;
		};
/* End PBXFrameworksBuildPhase section */

/* Begin PBXGroup section */
		2285955E1E50A6DA00023D3E = {
			isa = PBXGroup;
			children = (
				228595691E50A6DA00023D3E /* LocalizationDemo */,
				228595681E50A6DA00023D3E /* Products */,
			);
			sourceTree = "<group>";
		};
		228595681E50A6DA00023D3E /* Products */ = {
			isa = PBXGroup;
			children = (
				228595671E50A6DA00023D3E /* LocalizationDemo.app */,
			);
			name = Products;
			sourceTree = "<group>";
		};
		228595691E50A6DA00023D3E /* LocalizationDemo */ = {
			isa = PBXGroup;
			children = (
				2285956A1E50A6DA00023D3E /* AppDelegate.swift */,
				2285956C1E50A6DA00023D3E /* ViewController.swift */,
				2285956E1E50A6DA00023D3E /* Main.storyboard */,
				228595711E50A6DA00023D3E /* Assets.xcassets */,
				228595731E50A6DA00023D3E /* LaunchScreen.storyboard */,
				228595761E50A6DA00023D3E /* Info.plist */,
				228595841E50A7C400023D3E /* Localizable.strings */,
				2285958B1E52006C00023D3E /* InfoPlist.strings */,
				2285959C1E52126C00023D3E /* apple.png */,
			);
			path = LocalizationDemo;
			sourceTree = "<group>";
		};
/* End PBXGroup section */

/* Begin PBXNativeTarget section */
		228595661E50A6DA00023D3E /* LocalizationDemo */ = {
			isa = PBXNativeTarget;
			buildConfigurationList = 228595791E50A6DA00023D3E /* Build configuration list for PBXNativeTarget "LocalizationDemo" */;
			buildPhases = (
				228595631E50A6DA00023D3E /* Sources */,
				228595641E50A6DA00023D3E /* Frameworks */,
				228595651E50A6DA00023D3E /* Resources */,
			);
			buildRules = (
			);
			dependencies = (
			);
			name = LocalizationDemo;
			productName = LocalizationDemo;
			productReference = 228595671E50A6DA00023D3E /* LocalizationDemo.app */;
			productType = "com.apple.product-type.application";
		};
/* End PBXNativeTarget section */

/* Begin PBXProject section */
		2285955F1E50A6DA00023D3E /* Project object */ = {
			isa = PBXProject;
			attributes = {
				LastSwiftUpdateCheck = 0810;
				LastUpgradeCheck = 0810;
				ORGANIZATIONNAME = Frank.Chen;
				TargetAttributes = {
					228595661E50A6DA00023D3E = {
						CreatedOnToolsVersion = 8.1;
						DevelopmentTeam = N5R68YAD3A;
						ProvisioningStyle = Automatic;
					};
				};
			};
			buildConfigurationList = 228595621E50A6DA00023D3E /* Build configuration list for PBXProject "LocalizationDemo" */;
			compatibilityVersion = "Xcode 3.2";
			developmentRegion = English;
			hasScannedForEncodings = 0;
			knownRegions = (
				en,
				Base,
				"zh-Hans",
				"zh-Hant",
			);
			mainGroup = 2285955E1E50A6DA00023D3E;
			productRefGroup = 228595681E50A6DA00023D3E /* Products */;
			projectDirPath = "";
			projectRoot = "";
			targets = (
				228595661E50A6DA00023D3E /* LocalizationDemo */,
			);
		};
/* End PBXProject section */

/* Begin PBXResourcesBuildPhase section */
		228595651E50A6DA00023D3E /* Resources */ = {
			isa = PBXResourcesBuildPhase;
			buildActionMask = 2147483647;
			files = (
				228595751E50A6DA00023D3E /* LaunchScreen.storyboard in Resources */,
				228595821E50A7C400023D3E /* Localizable.strings in Resources */,
				228595721E50A6DA00023D3E /* Assets.xcassets in Resources */,
				2285959E1E52126C00023D3E /* apple.png in Resources */,
				228595701E50A6DA00023D3E /* Main.storyboard in Resources */,
				228595891E52006C00023D3E /* InfoPlist.strings in Resources */,
			);
			runOnlyForDeploymentPostprocessing = 0;
		};
/* End PBXResourcesBuildPhase section */

/* Begin PBXSourcesBuildPhase section */
		228595631E50A6DA00023D3E /* Sources */ = {
			isa = PBXSourcesBuildPhase;
			buildActionMask = 2147483647;
			files = (
				2285956D1E50A6DA00023D3E /* ViewController.swift in Sources */,
				2285956B1E50A6DA00023D3E /* AppDelegate.swift in Sources */,
			);
			runOnlyForDeploymentPostprocessing = 0;
		};
/* End PBXSourcesBuildPhase section */

/* Begin PBXVariantGroup section */
		2285956E1E50A6DA00023D3E /* Main.storyboard */ = {
			isa = PBXVariantGroup;
			children = (
				2285956F1E50A6DA00023D3E /* Base */,
				2285957E1E50A79200023D3E /* zh-Hans */,
				228595801E50A79800023D3E /* zh-Hant */,
			);
			name = Main.storyboard;
			sourceTree = "<group>";
		};
		228595731E50A6DA00023D3E /* LaunchScreen.storyboard */ = {
			isa = PBXVariantGroup;
			children = (
				228595741E50A6DA00023D3E /* Base */,
				2285957F1E50A79200023D3E /* zh-Hans */,
				228595811E50A79800023D3E /* zh-Hant */,
			);
			name = LaunchScreen.storyboard;
			sourceTree = "<group>";
		};
		228595841E50A7C400023D3E /* Localizable.strings */ = {
			isa = PBXVariantGroup;
			children = (
				228595831E50A7C400023D3E /* en */,
				228595851E50A7C600023D3E /* zh-Hans */,
				228595861E50A7C700023D3E /* zh-Hant */,
			);
			name = Localizable.strings;
			sourceTree = "<group>";
		};
		2285958B1E52006C00023D3E /* InfoPlist.strings */ = {
			isa = PBXVariantGroup;
			children = (
				2285958A1E52006C00023D3E /* en */,
				2285958C1E52007000023D3E /* zh-Hans */,
				2285958D1E52007200023D3E /* zh-Hant */,
			);
			name = InfoPlist.strings;
			sourceTree = "<group>";
		};
		2285959C1E52126C00023D3E /* apple.png */ = {
			isa = PBXVariantGroup;
			children = (
				2285959D1E52126C00023D3E /* zh-Hans */,
				2285959F1E52129700023D3E /* zh-Hant */,
				228595A31E52132100023D3E /* en */,
			);
			name = apple.png;
			sourceTree = "<group>";
		};
/* End PBXVariantGroup section */

/* Begin XCBuildConfiguration section */
		228595771E50A6DA00023D3E /* Debug */ = {
			isa = XCBuildConfiguration;
			buildSettings = {
				ALWAYS_SEARCH_USER_PATHS = NO;
				CLANG_ANALYZER_LOCALIZABILITY_NONLOCALIZED = YES;
				CLANG_ANALYZER_NONNULL = YES;
				CLANG_CXX_LANGUAGE_STANDARD = "gnu++0x";
				CLANG_CXX_LIBRARY = "libc++";
				CLANG_ENABLE_MODULES = YES;
				CLANG_ENABLE_OBJC_ARC = YES;
				CLANG_WARN_BOOL_CONVERSION = YES;
				CLANG_WARN_CONSTANT_CONVERSION = YES;
				CLANG_WARN_DIRECT_OBJC_ISA_USAGE = YES_ERROR;
				CLANG_WARN_DOCUMENTATION_COMMENTS = YES;
				CLANG_WARN_EMPTY_BODY = YES;
				CLANG_WARN_ENUM_CONVERSION = YES;
				CLANG_WARN_INFINITE_RECURSION = YES;
				CLANG_WARN_INT_CONVERSION = YES;
				CLANG_WARN_OBJC_ROOT_CLASS = YES_ERROR;
				CLANG_WARN_SUSPICIOUS_MOVES = YES;
				CLANG_WARN_UNREACHABLE_CODE = YES;
				CLANG_WARN__DUPLICATE_METHOD_MATCH = YES;
				"CODE_SIGN_IDENTITY[sdk=iphoneos*]" = "iPhone Developer";
				COPY_PHASE_STRIP = NO;
				DEBUG_INFORMATION_FORMAT = dwarf;
				ENABLE_STRICT_OBJC_MSGSEND = YES;
				ENABLE_TESTABILITY = YES;
				GCC_C_LANGUAGE_STANDARD = gnu99;
				GCC_DYNAMIC_NO_PIC = NO;
				GCC_NO_COMMON_BLOCKS = YES;
				GCC_OPTIMIZATION_LEVEL = 0;
				GCC_PREPROCESSOR_DEFINITIONS = (
					"DEBUG=1",
					"$(inherited)",
				);
				GCC_WARN_64_TO_32_BIT_CONVERSION = YES;
				GCC_WARN_ABOUT_RETURN_TYPE = YES_ERROR;
				GCC_WARN_UNDECLARED_SELECTOR = YES;
				GCC_WARN_UNINITIALIZED_AUTOS = YES_AGGRESSIVE;
				GCC_WARN_UNUSED_FUNCTION = YES;
				GCC_WARN_UNUSED_VARIABLE = YES;
				IPHONEOS_DEPLOYMENT_TARGET = 10.1;
				MTL_ENABLE_DEBUG_INFO = YES;
				ONLY_ACTIVE_ARCH = YES;
				SDKROOT = iphoneos;
				SWIFT_ACTIVE_COMPILATION_CONDITIONS = DEBUG;
				SWIFT_OPTIMIZATION_LEVEL = "-Onone";
			};
			name = Debug;
		};
		228595781E50A6DA00023D3E /* Release */ = {
			isa = XCBuildConfiguration;
			buildSettings = {
				ALWAYS_SEARCH_USER_PATHS = NO;
				CLANG_ANALYZER_LOCALIZABILITY_NONLOCALIZED = YES;
				CLANG_ANALYZER_NONNULL = YES;
				CLANG_CXX_LANGUAGE_STANDARD = "gnu++0x";
				CLANG_CXX_LIBRARY = "libc++";
				CLANG_ENABLE_MODULES = YES;
				CLANG_ENABLE_OBJC_ARC = YES;
				CLANG_WARN_BOOL_CONVERSION = YES;
				CLANG_WARN_CONSTANT_CONVERSION = YES;
				CLANG_WARN_DIRECT_OBJC_ISA_USAGE = YES_ERROR;
				CLANG_WARN_DOCUMENTATION_COMMENTS = YES;
				CLANG_WARN_EMPTY_BODY = YES;
				CLANG_WARN_ENUM_CONVERSION = YES;
				CLANG_WARN_INFINITE_RECURSION = YES;
				CLANG_WARN_INT_CONVERSION = YES;
				CLANG_WARN_OBJC_ROOT_CLASS = YES_ERROR;
				CLANG_WARN_SUSPICIOUS_MOVES = YES;
				CLANG_WARN_UNREACHABLE_CODE = YES;
				CLANG_WARN__DUPLICATE_METHOD_MATCH = YES;
				"CODE_SIGN_IDENTITY[sdk=iphoneos*]" = "iPhone Developer";
				COPY_PHASE_STRIP = NO;
				DEBUG_INFORMATION_FORMAT = "dwarf-with-dsym";
				ENABLE_NS_ASSERTIONS = NO;
				ENABLE_STRICT_OBJC_MSGSEND = YES;
				GCC_C_LANGUAGE_STANDARD = gnu99;
				GCC_NO_COMMON_BLOCKS = YES;
				GCC_WARN_64_TO_32_BIT_CONVERSION = YES;
				GCC_WARN_ABOUT_RETURN_TYPE = YES_ERROR;
				GCC_WARN_UNDECLARED_SELECTOR = YES;
				GCC_WARN_UNINITIALIZED_AUTOS = YES_AGGRESSIVE;
				GCC_WARN_UNUSED_FUNCTION = YES;
				GCC_WARN_UNUSED_VARIABLE = YES;
				IPHONEOS_DEPLOYMENT_TARGET = 10.1;
				MTL_ENABLE_DEBUG_INFO = NO;
				SDKROOT = iphoneos;
				SWIFT_OPTIMIZATION_LEVEL = "-Owholemodule";
				VALIDATE_PRODUCT = YES;
			};
			name = Release;
		};
		2285957A1E50A6DA00023D3E /* Debug */ = {
			isa = XCBuildConfiguration;
			buildSettings = {
				ASSETCATALOG_COMPILER_APPICON_NAME = AppIcon;
				DEVELOPMENT_TEAM = N5R68YAD3A;
				INFOPLIST_FILE = LocalizationDemo/Info.plist;
				LD_RUNPATH_SEARCH_PATHS = "$(inherited) @executable_path/Frameworks";
				PRODUCT_BUNDLE_IDENTIFIER = Frank.Chen.LocalizationDemo;
				PRODUCT_NAME = "$(TARGET_NAME)";
				SWIFT_VERSION = 3.0;
			};
			name = Debug;
		};
		2285957B1E50A6DA00023D3E /* Release */ = {
			isa = XCBuildConfiguration;
			buildSettings = {
				ASSETCATALOG_COMPILER_APPICON_NAME = AppIcon;
				DEVELOPMENT_TEAM = N5R68YAD3A;
				INFOPLIST_FILE = LocalizationDemo/Info.plist;
				LD_RUNPATH_SEARCH_PATHS = "$(inherited) @executable_path/Frameworks";
				PRODUCT_BUNDLE_IDENTIFIER = Frank.Chen.LocalizationDemo;
				PRODUCT_NAME = "$(TARGET_NAME)";
				SWIFT_VERSION = 3.0;
			};
			name = Release;
		};
/* End XCBuildConfiguration section */

/* Begin XCConfigurationList section */
		228595621E50A6DA00023D3E /* Build configuration list for PBXProject "LocalizationDemo" */ = {
			isa = XCConfigurationList;
			buildConfigurations = (
				228595771E50A6DA00023D3E /* Debug */,
				228595781E50A6DA00023D3E /* Release */,
			);
			defaultConfigurationIsVisible = 0;
			defaultConfigurationName = Release;
		};
		228595791E50A6DA00023D3E /* Build configuration list for PBXNativeTarget "LocalizationDemo" */ = {
			isa = XCConfigurationList;
			buildConfigurations = (
				2285957A1E50A6DA00023D3E /* Debug */,
				2285957B1E50A6DA00023D3E /* Release */,
			);
			defaultConfigurationIsVisible = 0;
			defaultConfigurationName = Release;
		};
/* End XCConfigurationList section */
	};
	rootObject = 2285955F1E50A6DA00023D3E /* Project object */;
}
